
Microsoft Visual Studio Solution File, Format Version 12.00
# Visual Studio Version 17
VisualStudioVersion = 17.7.34202.233
MinimumVisualStudioVersion = 10.0.40219.1
Project("{FAE04EC0-301F-11D3-BF4B-00C04F79EFBC}") = "FreeNotes", "FreeNotes.csproj", "{F80F22BD-EBAC-48F8-98D8-3A467C4AC63B}"
EndProject
Global
	GlobalSection(SolutionConfigurationPlatforms) = preSolution
		Debug|Any CPU = Debug|Any CPU
		Release|Any CPU = Release|Any CPU
	EndGlobalSection
	GlobalSection(ProjectConfigurationPlatforms) = postSolution
		{F80F22BD-EBAC-48F8-98D8-3A467C4AC63B}.Debug|Any CPU.ActiveCfg = Debug|Any CPU
		{F80F22BD-EBAC-48F8-98D8-3A467C4AC63B}.Debug|Any CPU.Build.0 = Debug|Any CPU
		{F80F22BD-EBAC-48F8-98D8-3A467C4AC63B}.Debug|Any CPU.Deploy.0 = Debug|Any CPU
		{F80F22BD-EBAC-48F8-98D8-3A467C4AC63B}.Release|Any CPU.ActiveCfg = Release|Any CPU
		{F80F22BD-EBAC-48F8-98D8-3A467C4AC63B}.Release|Any CPU.Build.0 = Release|Any CPU
		{F80F22BD-EBAC-48F8-98D8-3A467C4AC63B}.Release|Any CPU.Deploy.0 = Release|Any CPU
	EndGlobalSection
	GlobalSection(SolutionProperties) = preSolution
		HideSolutionNode = FALSE
	EndGlobalSection
	GlobalSection(ExtensibilityGlobals) = postSolution
		SolutionGuid = {416086BA-A66A-45C5-8F63-781F02CE1F99}
	EndGlobalSection
EndGlobal
